
Microsoft Visual Studio Solution File, Format Version 12.00
# Visual Studio 14
VisualStudioVersion = 14.0.25123.0
MinimumVisualStudioVersion = 10.0.40219.1
Project("{FAE04EC0-301F-11D3-BF4B-00C04F79EFBC}") = "SmartPrintScreenMobile.Android", "SmartPrintScreenMobile\SmartPrintScreenMobile.Android\SmartPrintScreenMobile.Android.csproj", "{5D1A0ABF-9151-4A65-9A88-4DAC4534D9EF}"
EndProject
Project("{FAE04EC0-301F-11D3-BF4B-00C04F79EFBC}") = "SmartPrintScreenMobile", "SmartPrintScreenMobile\SmartPrintScreenMobile\SmartPrintScreenMobile.csproj", "{18D5E3D5-643D-412C-9F3C-A5C96B28BB3A}"
EndProject
Project("{FAE04EC0-301F-11D3-BF4B-00C04F79EFBC}") = "SmartPrintScreenMobile.UWP", "SmartPrintScreenMobile\SmartPrintScreenMobile.UWP\SmartPrintScreenMobile.UWP.csproj", "{AC3287BE-93EE-4EC6-8B9A-C49F66D34F5D}"
EndProject
Project("{FAE04EC0-301F-11D3-BF4B-00C04F79EFBC}") = "SmartPrintScreenMobile.iOS", "SmartPrintScreenMobile\SmartPrintScreenMobile.iOS\SmartPrintScreenMobile.iOS.csproj", "{BB2823B0-647C-4DE3-9842-784BC07288D1}"
EndProject
Global
	GlobalSection(SolutionConfigurationPlatforms) = preSolution
		Ad-Hoc|Any CPU = Ad-Hoc|Any CPU
		Ad-Hoc|ARM = Ad-Hoc|ARM
		Ad-Hoc|iPhone = Ad-Hoc|iPhone
		Ad-Hoc|iPhoneSimulator = Ad-Hoc|iPhoneSimulator
		Ad-Hoc|x64 = Ad-Hoc|x64
		Ad-Hoc|x86 = Ad-Hoc|x86
		AppStore|Any CPU = AppStore|Any CPU
		AppStore|ARM = AppStore|ARM
		AppStore|iPhone = AppStore|iPhone
		AppStore|iPhoneSimulator = AppStore|iPhoneSimulator
		AppStore|x64 = AppStore|x64
		AppStore|x86 = AppStore|x86
		Debug|Any CPU = Debug|Any CPU
		Debug|ARM = Debug|ARM
		Debug|iPhone = Debug|iPhone
		Debug|iPhoneSimulator = Debug|iPhoneSimulator
		Debug|x64 = Debug|x64
		Debug|x86 = Debug|x86
		Release|Any CPU = Release|Any CPU
		Release|ARM = Release|ARM
		Release|iPhone = Release|iPhone
		Release|iPhoneSimulator = Release|iPhoneSimulator
		Release|x64 = Release|x64
		Release|x86 = Release|x86
	EndGlobalSection
	GlobalSection(ProjectConfigurationPlatforms) = postSolution
		{5D1A0ABF-9151-4A65-9A88-4DAC4534D9EF}.Ad-Hoc|Any CPU.ActiveCfg = Release|Any CPU
		{5D1A0ABF-9151-4A65-9A88-4DAC4534D9EF}.Ad-Hoc|Any CPU.Build.0 = Release|Any CPU
		{5D1A0ABF-9151-4A65-9A88-4DAC4534D9EF}.Ad-Hoc|Any CPU.Deploy.0 = Release|Any CPU
		{5D1A0ABF-9151-4A65-9A88-4DAC4534D9EF}.Ad-Hoc|ARM.ActiveCfg = Release|Any CPU
		{5D1A0ABF-9151-4A65-9A88-4DAC4534D9EF}.Ad-Hoc|ARM.Build.0 = Release|Any CPU
		{5D1A0ABF-9151-4A65-9A88-4DAC4534D9EF}.Ad-Hoc|ARM.Deploy.0 = Release|Any CPU
		{5D1A0ABF-9151-4A65-9A88-4DAC4534D9EF}.Ad-Hoc|iPhone.ActiveCfg = Release|Any CPU
		{5D1A0ABF-9151-4A65-9A88-4DAC4534D9EF}.Ad-Hoc|iPhone.Build.0 = Release|Any CPU
		{5D1A0ABF-9151-4A65-9A88-4DAC4534D9EF}.Ad-Hoc|iPhone.Deploy.0 = Release|Any CPU
		{5D1A0ABF-9151-4A65-9A88-4DAC4534D9EF}.Ad-Hoc|iPhoneSimulator.ActiveCfg = Release|Any CPU
		{5D1A0ABF-9151-4A65-9A88-4DAC4534D9EF}.Ad-Hoc|iPhoneSimulator.Build.0 = Release|Any CPU
		{5D1A0ABF-9151-4A65-9A88-4DAC4534D9EF}.Ad-Hoc|iPhoneSimulator.Deploy.0 = Release|Any CPU
		{5D1A0ABF-9151-4A65-9A88-4DAC4534D9EF}.Ad-Hoc|x64.ActiveCfg = Release|Any CPU
		{5D1A0ABF-9151-4A65-9A88-4DAC4534D9EF}.Ad-Hoc|x64.Build.0 = Release|Any CPU
		{5D1A0ABF-9151-4A65-9A88-4DAC4534D9EF}.Ad-Hoc|x64.Deploy.0 = Release|Any CPU
		{5D1A0ABF-9151-4A65-9A88-4DAC4534D9EF}.Ad-Hoc|x86.ActiveCfg = Release|Any CPU
		{5D1A0ABF-9151-4A65-9A88-4DAC4534D9EF}.Ad-Hoc|x86.Build.0 = Release|Any CPU
		{5D1A0ABF-9151-4A65-9A88-4DAC4534D9EF}.Ad-Hoc|x86.Deploy.0 = Release|Any CPU
		{5D1A0ABF-9151-4A65-9A88-4DAC4534D9EF}.AppStore|Any CPU.ActiveCfg = Release|Any CPU
		{5D1A0ABF-9151-4A65-9A88-4DAC4534D9EF}.AppStore|Any CPU.Build.0 = Release|Any CPU
		{5D1A0ABF-9151-4A65-9A88-4DAC4534D9EF}.AppStore|Any CPU.Deploy.0 = Release|Any CPU
		{5D1A0ABF-9151-4A65-9A88-4DAC4534D9EF}.AppStore|ARM.ActiveCfg = Release|Any CPU
		{5D1A0ABF-9151-4A65-9A88-4DAC4534D9EF}.AppStore|ARM.Build.0 = Release|Any CPU
		{5D1A0ABF-9151-4A65-9A88-4DAC4534D9EF}.AppStore|ARM.Deploy.0 = Release|Any CPU
		{5D1A0ABF-9151-4A65-9A88-4DAC4534D9EF}.AppStore|iPhone.ActiveCfg = Release|Any CPU
		{5D1A0ABF-9151-4A65-9A88-4DAC4534D9EF}.AppStore|iPhone.Build.0 = Release|Any CPU
		{5D1A0ABF-9151-4A65-9A88-4DAC4534D9EF}.AppStore|iPhone.Deploy.0 = Release|Any CPU
		{5D1A0ABF-9151-4A65-9A88-4DAC4534D9EF}.AppStore|iPhoneSimulator.ActiveCfg = Release|Any CPU
		{5D1A0ABF-9151-4A65-9A88-4DAC4534D9EF}.AppStore|iPhoneSimulator.Build.0 = Release|Any CPU
		{5D1A0ABF-9151-4A65-9A88-4DAC4534D9EF}.AppStore|iPhoneSimulator.Deploy.0 = Release|Any CPU
		{5D1A0ABF-9151-4A65-9A88-4DAC4534D9EF}.AppStore|x64.ActiveCfg = Release|Any CPU
		{5D1A0ABF-9151-4A65-9A88-4DAC4534D9EF}.AppStore|x64.Build.0 = Release|Any CPU
		{5D1A0ABF-9151-4A65-9A88-4DAC4534D9EF}.AppStore|x64.Deploy.0 = Release|Any CPU
		{5D1A0ABF-9151-4A65-9A88-4DAC4534D9EF}.AppStore|x86.ActiveCfg = Release|Any CPU
		{5D1A0ABF-9151-4A65-9A88-4DAC4534D9EF}.AppStore|x86.Build.0 = Release|Any CPU
		{5D1A0ABF-9151-4A65-9A88-4DAC4534D9EF}.AppStore|x86.Deploy.0 = Release|Any CPU
		{5D1A0ABF-9151-4A65-9A88-4DAC4534D9EF}.Debug|Any CPU.ActiveCfg = Debug|Any CPU
		{5D1A0ABF-9151-4A65-9A88-4DAC4534D9EF}.Debug|Any CPU.Build.0 = Debug|Any CPU
		{5D1A0ABF-9151-4A65-9A88-4DAC4534D9EF}.Debug|Any CPU.Deploy.0 = Debug|Any CPU
		{5D1A0ABF-9151-4A65-9A88-4DAC4534D9EF}.Debug|ARM.ActiveCfg = Debug|Any CPU
		{5D1A0ABF-9151-4A65-9A88-4DAC4534D9EF}.Debug|ARM.Build.0 = Debug|Any CPU
		{5D1A0ABF-9151-4A65-9A88-4DAC4534D9EF}.Debug|ARM.Deploy.0 = Debug|Any CPU
		{5D1A0ABF-9151-4A65-9A88-4DAC4534D9EF}.Debug|iPhone.ActiveCfg = Debug|Any CPU
		{5D1A0ABF-9151-4A65-9A88-4DAC4534D9EF}.Debug|iPhone.Build.0 = Debug|Any CPU
		{5D1A0ABF-9151-4A65-9A88-4DAC4534D9EF}.Debug|iPhone.Deploy.0 = Debug|Any CPU
		{5D1A0ABF-9151-4A65-9A88-4DAC4534D9EF}.Debug|iPhoneSimulator.ActiveCfg = Debug|Any CPU
		{5D1A0ABF-9151-4A65-9A88-4DAC4534D9EF}.Debug|iPhoneSimulator.Build.0 = Debug|Any CPU
		{5D1A0ABF-9151-4A65-9A88-4DAC4534D9EF}.Debug|iPhoneSimulator.Deploy.0 = Debug|Any CPU
		{5D1A0ABF-9151-4A65-9A88-4DAC4534D9EF}.Debug|x64.ActiveCfg = Debug|Any CPU
		{5D1A0ABF-9151-4A65-9A88-4DAC4534D9EF}.Debug|x64.Build.0 = Debug|Any CPU
		{5D1A0ABF-9151-4A65-9A88-4DAC4534D9EF}.Debug|x64.Deploy.0 = Debug|Any CPU
		{5D1A0ABF-9151-4A65-9A88-4DAC4534D9EF}.Debug|x86.ActiveCfg = Debug|Any CPU
		{5D1A0ABF-9151-4A65-9A88-4DAC4534D9EF}.Debug|x86.Build.0 = Debug|Any CPU
		{5D1A0ABF-9151-4A65-9A88-4DAC4534D9EF}.Debug|x86.Deploy.0 = Debug|Any CPU
		{5D1A0ABF-9151-4A65-9A88-4DAC4534D9EF}.Release|Any CPU.ActiveCfg = Release|Any CPU
		{5D1A0ABF-9151-4A65-9A88-4DAC4534D9EF}.Release|Any CPU.Build.0 = Release|Any CPU
		{5D1A0ABF-9151-4A65-9A88-4DAC4534D9EF}.Release|Any CPU.Deploy.0 = Release|Any CPU
		{5D1A0ABF-9151-4A65-9A88-4DAC4534D9EF}.Release|ARM.ActiveCfg = Release|Any CPU
		{5D1A0ABF-9151-4A65-9A88-4DAC4534D9EF}.Release|ARM.Build.0 = Release|Any CPU
		{5D1A0ABF-9151-4A65-9A88-4DAC4534D9EF}.Release|ARM.Deploy.0 = Release|Any CPU
		{5D1A0ABF-9151-4A65-9A88-4DAC4534D9EF}.Release|iPhone.ActiveCfg = Release|Any CPU
		{5D1A0ABF-9151-4A65-9A88-4DAC4534D9EF}.Release|iPhone.Build.0 = Release|Any CPU
		{5D1A0ABF-9151-4A65-9A88-4DAC4534D9EF}.Release|iPhone.Deploy.0 = Release|Any CPU
		{5D1A0ABF-9151-4A65-9A88-4DAC4534D9EF}.Release|iPhoneSimulator.ActiveCfg = Release|Any CPU
		{5D1A0ABF-9151-4A65-9A88-4DAC4534D9EF}.Release|iPhoneSimulator.Build.0 = Release|Any CPU
		{5D1A0ABF-9151-4A65-9A88-4DAC4534D9EF}.Release|iPhoneSimulator.Deploy.0 = Release|Any CPU
		{5D1A0ABF-9151-4A65-9A88-4DAC4534D9EF}.Release|x64.ActiveCfg = Release|Any CPU
		{5D1A0ABF-9151-4A65-9A88-4DAC4534D9EF}.Release|x64.Build.0 = Release|Any CPU
		{5D1A0ABF-9151-4A65-9A88-4DAC4534D9EF}.Release|x64.Deploy.0 = Release|Any CPU
		{5D1A0ABF-9151-4A65-9A88-4DAC4534D9EF}.Release|x86.ActiveCfg = Release|Any CPU
		{5D1A0ABF-9151-4A65-9A88-4DAC4534D9EF}.Release|x86.Build.0 = Release|Any CPU
		{5D1A0ABF-9151-4A65-9A88-4DAC4534D9EF}.Release|x86.Deploy.0 = Release|Any CPU
		{18D5E3D5-643D-412C-9F3C-A5C96B28BB3A}.Ad-Hoc|Any CPU.ActiveCfg = Release|Any CPU
		{18D5E3D5-643D-412C-9F3C-A5C96B28BB3A}.Ad-Hoc|Any CPU.Build.0 = Release|Any CPU
		{18D5E3D5-643D-412C-9F3C-A5C96B28BB3A}.Ad-Hoc|ARM.ActiveCfg = Release|Any CPU
		{18D5E3D5-643D-412C-9F3C-A5C96B28BB3A}.Ad-Hoc|ARM.Build.0 = Release|Any CPU
		{18D5E3D5-643D-412C-9F3C-A5C96B28BB3A}.Ad-Hoc|iPhone.ActiveCfg = Release|Any CPU
		{18D5E3D5-643D-412C-9F3C-A5C96B28BB3A}.Ad-Hoc|iPhone.Build.0 = Release|Any CPU
		{18D5E3D5-643D-412C-9F3C-A5C96B28BB3A}.Ad-Hoc|iPhoneSimulator.ActiveCfg = Release|Any CPU
		{18D5E3D5-643D-412C-9F3C-A5C96B28BB3A}.Ad-Hoc|iPhoneSimulator.Build.0 = Release|Any CPU
		{18D5E3D5-643D-412C-9F3C-A5C96B28BB3A}.Ad-Hoc|x64.ActiveCfg = Release|Any CPU
		{18D5E3D5-643D-412C-9F3C-A5C96B28BB3A}.Ad-Hoc|x64.Build.0 = Release|Any CPU
		{18D5E3D5-643D-412C-9F3C-A5C96B28BB3A}.Ad-Hoc|x86.ActiveCfg = Release|Any CPU
		{18D5E3D5-643D-412C-9F3C-A5C96B28BB3A}.Ad-Hoc|x86.Build.0 = Release|Any CPU
		{18D5E3D5-643D-412C-9F3C-A5C96B28BB3A}.AppStore|Any CPU.ActiveCfg = Release|Any CPU
		{18D5E3D5-643D-412C-9F3C-A5C96B28BB3A}.AppStore|Any CPU.Build.0 = Release|Any CPU
		{18D5E3D5-643D-412C-9F3C-A5C96B28BB3A}.AppStore|ARM.ActiveCfg = Release|Any CPU
		{18D5E3D5-643D-412C-9F3C-A5C96B28BB3A}.AppStore|ARM.Build.0 = Release|Any CPU
		{18D5E3D5-643D-412C-9F3C-A5C96B28BB3A}.AppStore|iPhone.ActiveCfg = Release|Any CPU
		{18D5E3D5-643D-412C-9F3C-A5C96B28BB3A}.AppStore|iPhone.Build.0 = Release|Any CPU
		{18D5E3D5-643D-412C-9F3C-A5C96B28BB3A}.AppStore|iPhoneSimulator.ActiveCfg = Release|Any CPU
		{18D5E3D5-643D-412C-9F3C-A5C96B28BB3A}.AppStore|iPhoneSimulator.Build.0 = Release|Any CPU
		{18D5E3D5-643D-412C-9F3C-A5C96B28BB3A}.AppStore|x64.ActiveCfg = Release|Any CPU
		{18D5E3D5-643D-412C-9F3C-A5C96B28BB3A}.AppStore|x64.Build.0 = Release|Any CPU
		{18D5E3D5-643D-412C-9F3C-A5C96B28BB3A}.AppStore|x86.ActiveCfg = Release|Any CPU
		{18D5E3D5-643D-412C-9F3C-A5C96B28BB3A}.AppStore|x86.Build.0 = Release|Any CPU
		{18D5E3D5-643D-412C-9F3C-A5C96B28BB3A}.Debug|Any CPU.ActiveCfg = Debug|Any CPU
		{18D5E3D5-643D-412C-9F3C-A5C96B28BB3A}.Debug|Any CPU.Build.0 = Debug|Any CPU
		{18D5E3D5-643D-412C-9F3C-A5C96B28BB3A}.Debug|ARM.ActiveCfg = Debug|Any CPU
		{18D5E3D5-643D-412C-9F3C-A5C96B28BB3A}.Debug|ARM.Build.0 = Debug|Any CPU
		{18D5E3D5-643D-412C-9F3C-A5C96B28BB3A}.Debug|iPhone.ActiveCfg = Debug|Any CPU
		{18D5E3D5-643D-412C-9F3C-A5C96B28BB3A}.Debug|iPhone.Build.0 = Debug|Any CPU
		{18D5E3D5-643D-412C-9F3C-A5C96B28BB3A}.Debug|iPhoneSimulator.ActiveCfg = Debug|Any CPU
		{18D5E3D5-643D-412C-9F3C-A5C96B28BB3A}.Debug|iPhoneSimulator.Build.0 = Debug|Any CPU
		{18D5E3D5-643D-412C-9F3C-A5C96B28BB3A}.Debug|x64.ActiveCfg = Debug|Any CPU
		{18D5E3D5-643D-412C-9F3C-A5C96B28BB3A}.Debug|x64.Build.0 = Debug|Any CPU
		{18D5E3D5-643D-412C-9F3C-A5C96B28BB3A}.Debug|x86.ActiveCfg = Debug|Any CPU
		{18D5E3D5-643D-412C-9F3C-A5C96B28BB3A}.Debug|x86.Build.0 = Debug|Any CPU
		{18D5E3D5-643D-412C-9F3C-A5C96B28BB3A}.Release|Any CPU.ActiveCfg = Release|Any CPU
		{18D5E3D5-643D-412C-9F3C-A5C96B28BB3A}.Release|Any CPU.Build.0 = Release|Any CPU
		{18D5E3D5-643D-412C-9F3C-A5C96B28BB3A}.Release|ARM.ActiveCfg = Release|Any CPU
		{18D5E3D5-643D-412C-9F3C-A5C96B28BB3A}.Release|ARM.Build.0 = Release|Any CPU
		{18D5E3D5-643D-412C-9F3C-A5C96B28BB3A}.Release|iPhone.ActiveCfg = Release|Any CPU
		{18D5E3D5-643D-412C-9F3C-A5C96B28BB3A}.Release|iPhone.Build.0 = Release|Any CPU
		{18D5E3D5-643D-412C-9F3C-A5C96B28BB3A}.Release|iPhoneSimulator.ActiveCfg = Release|Any CPU
		{18D5E3D5-643D-412C-9F3C-A5C96B28BB3A}.Release|iPhoneSimulator.Build.0 = Release|Any CPU
		{18D5E3D5-643D-412C-9F3C-A5C96B28BB3A}.Release|x64.ActiveCfg = Release|Any CPU
		{18D5E3D5-643D-412C-9F3C-A5C96B28BB3A}.Release|x64.Build.0 = Release|Any CPU
		{18D5E3D5-643D-412C-9F3C-A5C96B28BB3A}.Release|x86.ActiveCfg = Release|Any CPU
		{18D5E3D5-643D-412C-9F3C-A5C96B28BB3A}.Release|x86.Build.0 = Release|Any CPU
		{AC3287BE-93EE-4EC6-8B9A-C49F66D34F5D}.Ad-Hoc|Any CPU.ActiveCfg = Release|x86
		{AC3287BE-93EE-4EC6-8B9A-C49F66D34F5D}.Ad-Hoc|Any CPU.Build.0 = Release|x86
		{AC3287BE-93EE-4EC6-8B9A-C49F66D34F5D}.Ad-Hoc|Any CPU.Deploy.0 = Release|x86
		{AC3287BE-93EE-4EC6-8B9A-C49F66D34F5D}.Ad-Hoc|ARM.ActiveCfg = Release|ARM
		{AC3287BE-93EE-4EC6-8B9A-C49F66D34F5D}.Ad-Hoc|ARM.Build.0 = Release|ARM
		{AC3287BE-93EE-4EC6-8B9A-C49F66D34F5D}.Ad-Hoc|ARM.Deploy.0 = Release|ARM
		{AC3287BE-93EE-4EC6-8B9A-C49F66D34F5D}.Ad-Hoc|iPhone.ActiveCfg = Release|x86
		{AC3287BE-93EE-4EC6-8B9A-C49F66D34F5D}.Ad-Hoc|iPhone.Build.0 = Release|x86
		{AC3287BE-93EE-4EC6-8B9A-C49F66D34F5D}.Ad-Hoc|iPhone.Deploy.0 = Release|x86
		{AC3287BE-93EE-4EC6-8B9A-C49F66D34F5D}.Ad-Hoc|iPhoneSimulator.ActiveCfg = Release|x86
		{AC3287BE-93EE-4EC6-8B9A-C49F66D34F5D}.Ad-Hoc|iPhoneSimulator.Build.0 = Release|x86
		{AC3287BE-93EE-4EC6-8B9A-C49F66D34F5D}.Ad-Hoc|iPhoneSimulator.Deploy.0 = Release|x86
		{AC3287BE-93EE-4EC6-8B9A-C49F66D34F5D}.Ad-Hoc|x64.ActiveCfg = Release|x64
		{AC3287BE-93EE-4EC6-8B9A-C49F66D34F5D}.Ad-Hoc|x64.Build.0 = Release|x64
		{AC3287BE-93EE-4EC6-8B9A-C49F66D34F5D}.Ad-Hoc|x64.Deploy.0 = Release|x64
		{AC3287BE-93EE-4EC6-8B9A-C49F66D34F5D}.Ad-Hoc|x86.ActiveCfg = Release|x86
		{AC3287BE-93EE-4EC6-8B9A-C49F66D34F5D}.Ad-Hoc|x86.Build.0 = Release|x86
		{AC3287BE-93EE-4EC6-8B9A-C49F66D34F5D}.Ad-Hoc|x86.Deploy.0 = Release|x86
		{AC3287BE-93EE-4EC6-8B9A-C49F66D34F5D}.AppStore|Any CPU.ActiveCfg = Release|x86
		{AC3287BE-93EE-4EC6-8B9A-C49F66D34F5D}.AppStore|Any CPU.Build.0 = Release|x86
		{AC3287BE-93EE-4EC6-8B9A-C49F66D34F5D}.AppStore|Any CPU.Deploy.0 = Release|x86
		{AC3287BE-93EE-4EC6-8B9A-C49F66D34F5D}.AppStore|ARM.ActiveCfg = Release|ARM
		{AC3287BE-93EE-4EC6-8B9A-C49F66D34F5D}.AppStore|ARM.Build.0 = Release|ARM
		{AC3287BE-93EE-4EC6-8B9A-C49F66D34F5D}.AppStore|ARM.Deploy.0 = Release|ARM
		{AC3287BE-93EE-4EC6-8B9A-C49F66D34F5D}.AppStore|iPhone.ActiveCfg = Release|x86
		{AC3287BE-93EE-4EC6-8B9A-C49F66D34F5D}.AppStore|iPhone.Build.0 = Release|x86
		{AC3287BE-93EE-4EC6-8B9A-C49F66D34F5D}.AppStore|iPhone.Deploy.0 = Release|x86
		{AC3287BE-93EE-4EC6-8B9A-C49F66D34F5D}.AppStore|iPhoneSimulator.ActiveCfg = Release|x86
		{AC3287BE-93EE-4EC6-8B9A-C49F66D34F5D}.AppStore|iPhoneSimulator.Build.0 = Release|x86
		{AC3287BE-93EE-4EC6-8B9A-C49F66D34F5D}.AppStore|iPhoneSimulator.Deploy.0 = Release|x86
		{AC3287BE-93EE-4EC6-8B9A-C49F66D34F5D}.AppStore|x64.ActiveCfg = Release|x64
		{AC3287BE-93EE-4EC6-8B9A-C49F66D34F5D}.AppStore|x64.Build.0 = Release|x64
		{AC3287BE-93EE-4EC6-8B9A-C49F66D34F5D}.AppStore|x64.Deploy.0 = Release|x64
		{AC3287BE-93EE-4EC6-8B9A-C49F66D34F5D}.AppStore|x86.ActiveCfg = Release|x86
		{AC3287BE-93EE-4EC6-8B9A-C49F66D34F5D}.AppStore|x86.Build.0 = Release|x86
		{AC3287BE-93EE-4EC6-8B9A-C49F66D34F5D}.AppStore|x86.Deploy.0 = Release|x86
		{AC3287BE-93EE-4EC6-8B9A-C49F66D34F5D}.Debug|Any CPU.ActiveCfg = Debug|x86
		{AC3287BE-93EE-4EC6-8B9A-C49F66D34F5D}.Debug|ARM.ActiveCfg = Debug|ARM
		{AC3287BE-93EE-4EC6-8B9A-C49F66D34F5D}.Debug|ARM.Build.0 = Debug|ARM
		{AC3287BE-93EE-4EC6-8B9A-C49F66D34F5D}.Debug|ARM.Deploy.0 = Debug|ARM
		{AC3287BE-93EE-4EC6-8B9A-C49F66D34F5D}.Debug|iPhone.ActiveCfg = Debug|x86
		{AC3287BE-93EE-4EC6-8B9A-C49F66D34F5D}.Debug|iPhoneSimulator.ActiveCfg = Debug|x86
		{AC3287BE-93EE-4EC6-8B9A-C49F66D34F5D}.Debug|x64.ActiveCfg = Debug|x64
		{AC3287BE-93EE-4EC6-8B9A-C49F66D34F5D}.Debug|x64.Build.0 = Debug|x64
		{AC3287BE-93EE-4EC6-8B9A-C49F66D34F5D}.Debug|x64.Deploy.0 = Debug|x64
		{AC3287BE-93EE-4EC6-8B9A-C49F66D34F5D}.Debug|x86.ActiveCfg = Debug|x86
		{AC3287BE-93EE-4EC6-8B9A-C49F66D34F5D}.Debug|x86.Build.0 = Debug|x86
		{AC3287BE-93EE-4EC6-8B9A-C49F66D34F5D}.Debug|x86.Deploy.0 = Debug|x86
		{AC3287BE-93EE-4EC6-8B9A-C49F66D34F5D}.Release|Any CPU.ActiveCfg = Release|x86
		{AC3287BE-93EE-4EC6-8B9A-C49F66D34F5D}.Release|ARM.ActiveCfg = Release|ARM
		{AC3287BE-93EE-4EC6-8B9A-C49F66D34F5D}.Release|ARM.Build.0 = Release|ARM
		{AC3287BE-93EE-4EC6-8B9A-C49F66D34F5D}.Release|ARM.Deploy.0 = Release|ARM
		{AC3287BE-93EE-4EC6-8B9A-C49F66D34F5D}.Release|iPhone.ActiveCfg = Release|x86
		{AC3287BE-93EE-4EC6-8B9A-C49F66D34F5D}.Release|iPhoneSimulator.ActiveCfg = Release|x86
		{AC3287BE-93EE-4EC6-8B9A-C49F66D34F5D}.Release|x64.ActiveCfg = Release|x64
		{AC3287BE-93EE-4EC6-8B9A-C49F66D34F5D}.Release|x64.Build.0 = Release|x64
		{AC3287BE-93EE-4EC6-8B9A-C49F66D34F5D}.Release|x64.Deploy.0 = Release|x64
		{AC3287BE-93EE-4EC6-8B9A-C49F66D34F5D}.Release|x86.ActiveCfg = Release|x86
		{AC3287BE-93EE-4EC6-8B9A-C49F66D34F5D}.Release|x86.Build.0 = Release|x86
		{AC3287BE-93EE-4EC6-8B9A-C49F66D34F5D}.Release|x86.Deploy.0 = Release|x86
		{BB2823B0-647C-4DE3-9842-784BC07288D1}.Ad-Hoc|Any CPU.ActiveCfg = Ad-Hoc|iPhone
		{BB2823B0-647C-4DE3-9842-784BC07288D1}.Ad-Hoc|ARM.ActiveCfg = Ad-Hoc|iPhone
		{BB2823B0-647C-4DE3-9842-784BC07288D1}.Ad-Hoc|iPhone.ActiveCfg = Ad-Hoc|iPhone
		{BB2823B0-647C-4DE3-9842-784BC07288D1}.Ad-Hoc|iPhone.Build.0 = Ad-Hoc|iPhone
		{BB2823B0-647C-4DE3-9842-784BC07288D1}.Ad-Hoc|iPhoneSimulator.ActiveCfg = Ad-Hoc|iPhoneSimulator
		{BB2823B0-647C-4DE3-9842-784BC07288D1}.Ad-Hoc|iPhoneSimulator.Build.0 = Ad-Hoc|iPhoneSimulator
		{BB2823B0-647C-4DE3-9842-784BC07288D1}.Ad-Hoc|x64.ActiveCfg = Ad-Hoc|iPhone
		{BB2823B0-647C-4DE3-9842-784BC07288D1}.Ad-Hoc|x86.ActiveCfg = Ad-Hoc|iPhone
		{BB2823B0-647C-4DE3-9842-784BC07288D1}.AppStore|Any CPU.ActiveCfg = AppStore|iPhone
		{BB2823B0-647C-4DE3-9842-784BC07288D1}.AppStore|ARM.ActiveCfg = AppStore|iPhone
		{BB2823B0-647C-4DE3-9842-784BC07288D1}.AppStore|iPhone.ActiveCfg = AppStore|iPhone
		{BB2823B0-647C-4DE3-9842-784BC07288D1}.AppStore|iPhone.Build.0 = AppStore|iPhone
		{BB2823B0-647C-4DE3-9842-784BC07288D1}.AppStore|iPhoneSimulator.ActiveCfg = AppStore|iPhoneSimulator
		{BB2823B0-647C-4DE3-9842-784BC07288D1}.AppStore|iPhoneSimulator.Build.0 = AppStore|iPhoneSimulator
		{BB2823B0-647C-4DE3-9842-784BC07288D1}.AppStore|x64.ActiveCfg = AppStore|iPhone
		{BB2823B0-647C-4DE3-9842-784BC07288D1}.AppStore|x86.ActiveCfg = AppStore|iPhone
		{BB2823B0-647C-4DE3-9842-784BC07288D1}.Debug|Any CPU.ActiveCfg = Debug|iPhone
		{BB2823B0-647C-4DE3-9842-784BC07288D1}.Debug|ARM.ActiveCfg = Debug|iPhone
		{BB2823B0-647C-4DE3-9842-784BC07288D1}.Debug|iPhone.ActiveCfg = Debug|iPhone
		{BB2823B0-647C-4DE3-9842-784BC07288D1}.Debug|iPhone.Build.0 = Debug|iPhone
		{BB2823B0-647C-4DE3-9842-784BC07288D1}.Debug|iPhoneSimulator.ActiveCfg = Debug|iPhoneSimulator
		{BB2823B0-647C-4DE3-9842-784BC07288D1}.Debug|iPhoneSimulator.Build.0 = Debug|iPhoneSimulator
		{BB2823B0-647C-4DE3-9842-784BC07288D1}.Debug|x64.ActiveCfg = Debug|iPhone
		{BB2823B0-647C-4DE3-9842-784BC07288D1}.Debug|x86.ActiveCfg = Debug|iPhone
		{BB2823B0-647C-4DE3-9842-784BC07288D1}.Release|Any CPU.ActiveCfg = Release|iPhone
		{BB2823B0-647C-4DE3-9842-784BC07288D1}.Release|ARM.ActiveCfg = Release|iPhone
		{BB2823B0-647C-4DE3-9842-784BC07288D1}.Release|iPhone.ActiveCfg = Release|iPhone
		{BB2823B0-647C-4DE3-9842-784BC07288D1}.Release|iPhone.Build.0 = Release|iPhone
		{BB2823B0-647C-4DE3-9842-784BC07288D1}.Release|iPhoneSimulator.ActiveCfg = Release|iPhoneSimulator
		{BB2823B0-647C-4DE3-9842-784BC07288D1}.Release|iPhoneSimulator.Build.0 = Release|iPhoneSimulator
		{BB2823B0-647C-4DE3-9842-784BC07288D1}.Release|x64.ActiveCfg = Release|iPhone
		{BB2823B0-647C-4DE3-9842-784BC07288D1}.Release|x86.ActiveCfg = Release|iPhone
	EndGlobalSection
	GlobalSection(SolutionProperties) = preSolution
		HideSolutionNode = FALSE
	EndGlobalSection
EndGlobal
